
Microsoft Visual Studio Solution File, Format Version 12.00
# Visual Studio Version 17
VisualStudioVersion = 17.8.34330.188
MinimumVisualStudioVersion = 10.0.40219.1
Project("{8BC9CEB8-8B4A-11D0-8D11-00A0C91BC942}") = "Juez2-5", "Juez2-5.vcxproj", "{4BFEC17F-B06B-431F-AB2A-51F987CF41EF}"
EndProject
Global
	GlobalSection(SolutionConfigurationPlatforms) = preSolution
		Debug|x64 = Debug|x64
		Debug|x86 = Debug|x86
		Release|x64 = Release|x64
		Release|x86 = Release|x86
	EndGlobalSection
	GlobalSection(ProjectConfigurationPlatforms) = postSolution
		{4BFEC17F-B06B-431F-AB2A-51F987CF41EF}.Debug|x64.ActiveCfg = Debug|x64
		{4BFEC17F-B06B-431F-AB2A-51F987CF41EF}.Debug|x64.Build.0 = Debug|x64
		{4BFEC17F-B06B-431F-AB2A-51F987CF41EF}.Debug|x86.ActiveCfg = Debug|Win32
		{4BFEC17F-B06B-431F-AB2A-51F987CF41EF}.Debug|x86.Build.0 = Debug|Win32
		{4BFEC17F-B06B-431F-AB2A-51F987CF41EF}.Release|x64.ActiveCfg = Release|x64
		{4BFEC17F-B06B-431F-AB2A-51F987CF41EF}.Release|x64.Build.0 = Release|x64
		{4BFEC17F-B06B-431F-AB2A-51F987CF41EF}.Release|x86.ActiveCfg = Release|Win32
		{4BFEC17F-B06B-431F-AB2A-51F987CF41EF}.Release|x86.Build.0 = Release|Win32
	EndGlobalSection
	GlobalSection(SolutionProperties) = preSolution
		HideSolutionNode = FALSE
	EndGlobalSection
	GlobalSection(ExtensibilityGlobals) = postSolution
		SolutionGuid = {89041756-C173-4199-846B-4D8C3AAD740B}
	EndGlobalSection
EndGlobal
