
Microsoft Visual Studio Solution File, Format Version 12.00
# Visual Studio Version 17
VisualStudioVersion = 17.8.34330.188
MinimumVisualStudioVersion = 10.0.40219.1
Project("{8BC9CEB8-8B4A-11D0-8D11-00A0C91BC942}") = "Juez5-7", "Juez5-7.vcxproj", "{404FF1CB-47FB-41D7-94B9-361C7C6CECEB}"
EndProject
Global
	GlobalSection(SolutionConfigurationPlatforms) = preSolution
		Debug|x64 = Debug|x64
		Debug|x86 = Debug|x86
		Release|x64 = Release|x64
		Release|x86 = Release|x86
	EndGlobalSection
	GlobalSection(ProjectConfigurationPlatforms) = postSolution
		{404FF1CB-47FB-41D7-94B9-361C7C6CECEB}.Debug|x64.ActiveCfg = Debug|x64
		{404FF1CB-47FB-41D7-94B9-361C7C6CECEB}.Debug|x64.Build.0 = Debug|x64
		{404FF1CB-47FB-41D7-94B9-361C7C6CECEB}.Debug|x86.ActiveCfg = Debug|Win32
		{404FF1CB-47FB-41D7-94B9-361C7C6CECEB}.Debug|x86.Build.0 = Debug|Win32
		{404FF1CB-47FB-41D7-94B9-361C7C6CECEB}.Release|x64.ActiveCfg = Release|x64
		{404FF1CB-47FB-41D7-94B9-361C7C6CECEB}.Release|x64.Build.0 = Release|x64
		{404FF1CB-47FB-41D7-94B9-361C7C6CECEB}.Release|x86.ActiveCfg = Release|Win32
		{404FF1CB-47FB-41D7-94B9-361C7C6CECEB}.Release|x86.Build.0 = Release|Win32
	EndGlobalSection
	GlobalSection(SolutionProperties) = preSolution
		HideSolutionNode = FALSE
	EndGlobalSection
	GlobalSection(ExtensibilityGlobals) = postSolution
		SolutionGuid = {7B3E92FA-4D01-4723-A156-89B90E85BDE1}
	EndGlobalSection
EndGlobal
