
Microsoft Visual Studio Solution File, Format Version 12.00
# Visual Studio Version 17
VisualStudioVersion = 17.8.34330.188
MinimumVisualStudioVersion = 10.0.40219.1
Project("{8BC9CEB8-8B4A-11D0-8D11-00A0C91BC942}") = "Juez8-1 Agujeros en la manguera", "Juez8-1 Agujeros en la manguera.vcxproj", "{D74443FD-902A-468F-8A9A-3695070E483F}"
EndProject
Global
	GlobalSection(SolutionConfigurationPlatforms) = preSolution
		Debug|x64 = Debug|x64
		Debug|x86 = Debug|x86
		Release|x64 = Release|x64
		Release|x86 = Release|x86
	EndGlobalSection
	GlobalSection(ProjectConfigurationPlatforms) = postSolution
		{D74443FD-902A-468F-8A9A-3695070E483F}.Debug|x64.ActiveCfg = Debug|x64
		{D74443FD-902A-468F-8A9A-3695070E483F}.Debug|x64.Build.0 = Debug|x64
		{D74443FD-902A-468F-8A9A-3695070E483F}.Debug|x86.ActiveCfg = Debug|Win32
		{D74443FD-902A-468F-8A9A-3695070E483F}.Debug|x86.Build.0 = Debug|Win32
		{D74443FD-902A-468F-8A9A-3695070E483F}.Release|x64.ActiveCfg = Release|x64
		{D74443FD-902A-468F-8A9A-3695070E483F}.Release|x64.Build.0 = Release|x64
		{D74443FD-902A-468F-8A9A-3695070E483F}.Release|x86.ActiveCfg = Release|Win32
		{D74443FD-902A-468F-8A9A-3695070E483F}.Release|x86.Build.0 = Release|Win32
	EndGlobalSection
	GlobalSection(SolutionProperties) = preSolution
		HideSolutionNode = FALSE
	EndGlobalSection
	GlobalSection(ExtensibilityGlobals) = postSolution
		SolutionGuid = {25EA7255-F118-4B89-803A-8D9B8B7217A3}
	EndGlobalSection
EndGlobal
