
Microsoft Visual Studio Solution File, Format Version 12.00
# Visual Studio Version 17
VisualStudioVersion = 17.8.34330.188
MinimumVisualStudioVersion = 10.0.40219.1
Project("{8BC9CEB8-8B4A-11D0-8D11-00A0C91BC942}") = "Ej2-L", "Ej2-L.vcxproj", "{4556DD4C-B6B5-4F90-AEEF-1701ACA4B4B2}"
EndProject
Global
	GlobalSection(SolutionConfigurationPlatforms) = preSolution
		Debug|x64 = Debug|x64
		Debug|x86 = Debug|x86
		Release|x64 = Release|x64
		Release|x86 = Release|x86
	EndGlobalSection
	GlobalSection(ProjectConfigurationPlatforms) = postSolution
		{4556DD4C-B6B5-4F90-AEEF-1701ACA4B4B2}.Debug|x64.ActiveCfg = Debug|x64
		{4556DD4C-B6B5-4F90-AEEF-1701ACA4B4B2}.Debug|x64.Build.0 = Debug|x64
		{4556DD4C-B6B5-4F90-AEEF-1701ACA4B4B2}.Debug|x86.ActiveCfg = Debug|Win32
		{4556DD4C-B6B5-4F90-AEEF-1701ACA4B4B2}.Debug|x86.Build.0 = Debug|Win32
		{4556DD4C-B6B5-4F90-AEEF-1701ACA4B4B2}.Release|x64.ActiveCfg = Release|x64
		{4556DD4C-B6B5-4F90-AEEF-1701ACA4B4B2}.Release|x64.Build.0 = Release|x64
		{4556DD4C-B6B5-4F90-AEEF-1701ACA4B4B2}.Release|x86.ActiveCfg = Release|Win32
		{4556DD4C-B6B5-4F90-AEEF-1701ACA4B4B2}.Release|x86.Build.0 = Release|Win32
	EndGlobalSection
	GlobalSection(SolutionProperties) = preSolution
		HideSolutionNode = FALSE
	EndGlobalSection
	GlobalSection(ExtensibilityGlobals) = postSolution
		SolutionGuid = {B973FEBC-5993-49B3-B72F-172BBC98CA0B}
	EndGlobalSection
EndGlobal
