
Microsoft Visual Studio Solution File, Format Version 12.00
# Visual Studio Version 17
VisualStudioVersion = 17.8.34330.188
MinimumVisualStudioVersion = 10.0.40219.1
Project("{8BC9CEB8-8B4A-11D0-8D11-00A0C91BC942}") = "Juez4-6 Un nodo muy muy lejano", "Juez4-6 Un nodo muy muy lejano.vcxproj", "{B967D9C4-0BEC-480C-88B6-3F74DFED8666}"
EndProject
Global
	GlobalSection(SolutionConfigurationPlatforms) = preSolution
		Debug|x64 = Debug|x64
		Debug|x86 = Debug|x86
		Release|x64 = Release|x64
		Release|x86 = Release|x86
	EndGlobalSection
	GlobalSection(ProjectConfigurationPlatforms) = postSolution
		{B967D9C4-0BEC-480C-88B6-3F74DFED8666}.Debug|x64.ActiveCfg = Debug|x64
		{B967D9C4-0BEC-480C-88B6-3F74DFED8666}.Debug|x64.Build.0 = Debug|x64
		{B967D9C4-0BEC-480C-88B6-3F74DFED8666}.Debug|x86.ActiveCfg = Debug|Win32
		{B967D9C4-0BEC-480C-88B6-3F74DFED8666}.Debug|x86.Build.0 = Debug|Win32
		{B967D9C4-0BEC-480C-88B6-3F74DFED8666}.Release|x64.ActiveCfg = Release|x64
		{B967D9C4-0BEC-480C-88B6-3F74DFED8666}.Release|x64.Build.0 = Release|x64
		{B967D9C4-0BEC-480C-88B6-3F74DFED8666}.Release|x86.ActiveCfg = Release|Win32
		{B967D9C4-0BEC-480C-88B6-3F74DFED8666}.Release|x86.Build.0 = Release|Win32
	EndGlobalSection
	GlobalSection(SolutionProperties) = preSolution
		HideSolutionNode = FALSE
	EndGlobalSection
	GlobalSection(ExtensibilityGlobals) = postSolution
		SolutionGuid = {1C382188-D588-4730-8239-FB2AF96DF269}
	EndGlobalSection
EndGlobal
